
Microsoft Visual Studio Solution File, Format Version 12.00
# Visual Studio Version 17
VisualStudioVersion = 17.0.32112.339
MinimumVisualStudioVersion = 10.0.40219.1
Project("{9A19103F-16F7-4668-BE54-9A1E7A4F7556}") = "Beis.LearningPlatform.Data", "Beis.LearningPlatform.Data\Beis.LearningPlatform.Data.csproj", "{889026E2-BB58-488C-A640-863C15C3E778}"
EndProject
Project("{9A19103F-16F7-4668-BE54-9A1E7A4F7556}") = "Beis.LearningPlatform.Web", "Beis.LearningPlatform.Web\Beis.LearningPlatform.Web.csproj", "{AE708769-6408-413A-A9BA-D629E3294167}"
EndProject
Project("{9A19103F-16F7-4668-BE54-9A1E7A4F7556}") = "Beis.LearningPlatform.Web.Tests", "Beis.LearningPlatform.Web.Tests\Beis.LearningPlatform.Web.Tests.csproj", "{9AF75C8A-D2D0-4257-8A43-87F42EB33AD8}"
EndProject
Project("{9A19103F-16F7-4668-BE54-9A1E7A4F7556}") = "Beis.LearningPlatform.DAL", "Beis.LearningPlatform.DAL\Beis.LearningPlatform.DAL.csproj", "{7D342668-DF10-4251-9A5B-2EA90BE06080}"
EndProject
Project("{9A19103F-16F7-4668-BE54-9A1E7A4F7556}") = "Beis.LearningPlatform.Library", "Beis.LearningPlatform.Library\Beis.LearningPlatform.Library.csproj", "{C51813EB-DF10-46AD-91B0-759BD570E812}"
EndProject
Project("{9A19103F-16F7-4668-BE54-9A1E7A4F7556}") = "Beis.LearningPlatform.DAL.Tests", "Beis.LearningPlatform.DAL.Tests\Beis.LearningPlatform.DAL.Tests.csproj", "{A2A62366-B249-4CA1-B6BA-3D1A276BE59F}"
EndProject
Project("{2150E333-8FDC-42A3-9474-1A3956D46DE8}") = "Tests", "Tests", "{DE9FF5EE-2ADF-44AC-A3F4-F7F7FE731CF9}"
EndProject
Project("{9A19103F-16F7-4668-BE54-9A1E7A4F7556}") = "Beis.LearningPlatform.BL", "Beis.LearningPlatform.BL\Beis.LearningPlatform.BL.csproj", "{682EEF5F-3D8C-4FDD-9BE7-E796FAFFD7D9}"
EndProject
Project("{9A19103F-16F7-4668-BE54-9A1E7A4F7556}") = "Beis.LearningPlatform.BL.Tests", "Beis.LearningPlatform.BL.Tests\Beis.LearningPlatform.BL.Tests.csproj", "{27691F33-347C-4001-A8EC-DD86A251D950}"
EndProject
Project("{FAE04EC0-301F-11D3-BF4B-00C04F79EFBC}") = "Beis.LearningPlatform.Tests", "Beis.LearningPlatform.Tests\Beis.LearningPlatform.Tests.csproj", "{0C41F8E2-59FB-468D-AAB8-AB7422F9A363}"
EndProject
Global
	GlobalSection(SolutionConfigurationPlatforms) = preSolution
		Debug|Any CPU = Debug|Any CPU
		Release|Any CPU = Release|Any CPU
	EndGlobalSection
	GlobalSection(ProjectConfigurationPlatforms) = postSolution
		{889026E2-BB58-488C-A640-863C15C3E778}.Debug|Any CPU.ActiveCfg = Debug|Any CPU
		{889026E2-BB58-488C-A640-863C15C3E778}.Debug|Any CPU.Build.0 = Debug|Any CPU
		{889026E2-BB58-488C-A640-863C15C3E778}.Release|Any CPU.ActiveCfg = Release|Any CPU
		{889026E2-BB58-488C-A640-863C15C3E778}.Release|Any CPU.Build.0 = Release|Any CPU
		{AE708769-6408-413A-A9BA-D629E3294167}.Debug|Any CPU.ActiveCfg = Debug|Any CPU
		{AE708769-6408-413A-A9BA-D629E3294167}.Debug|Any CPU.Build.0 = Debug|Any CPU
		{AE708769-6408-413A-A9BA-D629E3294167}.Release|Any CPU.ActiveCfg = Release|Any CPU
		{AE708769-6408-413A-A9BA-D629E3294167}.Release|Any CPU.Build.0 = Release|Any CPU
		{9AF75C8A-D2D0-4257-8A43-87F42EB33AD8}.Debug|Any CPU.ActiveCfg = Debug|Any CPU
		{9AF75C8A-D2D0-4257-8A43-87F42EB33AD8}.Debug|Any CPU.Build.0 = Debug|Any CPU
		{9AF75C8A-D2D0-4257-8A43-87F42EB33AD8}.Release|Any CPU.ActiveCfg = Release|Any CPU
		{9AF75C8A-D2D0-4257-8A43-87F42EB33AD8}.Release|Any CPU.Build.0 = Release|Any CPU
		{7D342668-DF10-4251-9A5B-2EA90BE06080}.Debug|Any CPU.ActiveCfg = Debug|Any CPU
		{7D342668-DF10-4251-9A5B-2EA90BE06080}.Debug|Any CPU.Build.0 = Debug|Any CPU
		{7D342668-DF10-4251-9A5B-2EA90BE06080}.Release|Any CPU.ActiveCfg = Release|Any CPU
		{7D342668-DF10-4251-9A5B-2EA90BE06080}.Release|Any CPU.Build.0 = Release|Any CPU
		{C51813EB-DF10-46AD-91B0-759BD570E812}.Debug|Any CPU.ActiveCfg = Debug|Any CPU
		{C51813EB-DF10-46AD-91B0-759BD570E812}.Debug|Any CPU.Build.0 = Debug|Any CPU
		{C51813EB-DF10-46AD-91B0-759BD570E812}.Release|Any CPU.ActiveCfg = Release|Any CPU
		{C51813EB-DF10-46AD-91B0-759BD570E812}.Release|Any CPU.Build.0 = Release|Any CPU
		{A2A62366-B249-4CA1-B6BA-3D1A276BE59F}.Debug|Any CPU.ActiveCfg = Debug|Any CPU
		{A2A62366-B249-4CA1-B6BA-3D1A276BE59F}.Debug|Any CPU.Build.0 = Debug|Any CPU
		{A2A62366-B249-4CA1-B6BA-3D1A276BE59F}.Release|Any CPU.ActiveCfg = Release|Any CPU
		{A2A62366-B249-4CA1-B6BA-3D1A276BE59F}.Release|Any CPU.Build.0 = Release|Any CPU
		{682EEF5F-3D8C-4FDD-9BE7-E796FAFFD7D9}.Debug|Any CPU.ActiveCfg = Debug|Any CPU
		{682EEF5F-3D8C-4FDD-9BE7-E796FAFFD7D9}.Debug|Any CPU.Build.0 = Debug|Any CPU
		{682EEF5F-3D8C-4FDD-9BE7-E796FAFFD7D9}.Release|Any CPU.ActiveCfg = Release|Any CPU
		{682EEF5F-3D8C-4FDD-9BE7-E796FAFFD7D9}.Release|Any CPU.Build.0 = Release|Any CPU
		{27691F33-347C-4001-A8EC-DD86A251D950}.Debug|Any CPU.ActiveCfg = Debug|Any CPU
		{27691F33-347C-4001-A8EC-DD86A251D950}.Debug|Any CPU.Build.0 = Debug|Any CPU
		{27691F33-347C-4001-A8EC-DD86A251D950}.Release|Any CPU.ActiveCfg = Release|Any CPU
		{27691F33-347C-4001-A8EC-DD86A251D950}.Release|Any CPU.Build.0 = Release|Any CPU
		{0C41F8E2-59FB-468D-AAB8-AB7422F9A363}.Debug|Any CPU.ActiveCfg = Debug|Any CPU
		{0C41F8E2-59FB-468D-AAB8-AB7422F9A363}.Debug|Any CPU.Build.0 = Debug|Any CPU
		{0C41F8E2-59FB-468D-AAB8-AB7422F9A363}.Release|Any CPU.ActiveCfg = Release|Any CPU
		{0C41F8E2-59FB-468D-AAB8-AB7422F9A363}.Release|Any CPU.Build.0 = Release|Any CPU
	EndGlobalSection
	GlobalSection(SolutionProperties) = preSolution
		HideSolutionNode = FALSE
	EndGlobalSection
	GlobalSection(NestedProjects) = preSolution
		{9AF75C8A-D2D0-4257-8A43-87F42EB33AD8} = {DE9FF5EE-2ADF-44AC-A3F4-F7F7FE731CF9}
		{A2A62366-B249-4CA1-B6BA-3D1A276BE59F} = {DE9FF5EE-2ADF-44AC-A3F4-F7F7FE731CF9}
		{27691F33-347C-4001-A8EC-DD86A251D950} = {DE9FF5EE-2ADF-44AC-A3F4-F7F7FE731CF9}
		{0C41F8E2-59FB-468D-AAB8-AB7422F9A363} = {DE9FF5EE-2ADF-44AC-A3F4-F7F7FE731CF9}
	EndGlobalSection
	GlobalSection(ExtensibilityGlobals) = postSolution
		SolutionGuid = {571B9A34-29C5-4A1A-B416-DF165DC90814}
	EndGlobalSection
EndGlobal
